// !$*UTF8*$!
{
	archiveVersion = 1;
	classes = {
	};
	objectVersion = 46;
	objects = {

/* Begin PBXBuildFile section */
		743AD62A1C6EBEA7007A6CF7 /* CarouselViewController.swift in Sources */ = {isa = PBXBuildFile; fileRef = 743AD6291C6EBEA7007A6CF7 /* CarouselViewController.swift */; };
		743AD62C1C6F069A007A6CF7 /* ConversationViewController.swift in Sources */ = {isa = PBXBuildFile; fileRef = 743AD62B1C6F069A007A6CF7 /* ConversationViewController.swift */; };
		743AD62E1C6F0C1A007A6CF7 /* SettingsViewController.swift in Sources */ = {isa = PBXBuildFile; fileRef = 743AD62D1C6F0C1A007A6CF7 /* SettingsViewController.swift */; };
		74ADDE6E1C6D461A0080F937 /* AppDelegate.swift in Sources */ = {isa = PBXBuildFile; fileRef = 74ADDE6D1C6D461A0080F937 /* AppDelegate.swift */; };
		74ADDE701C6D461A0080F937 /* ViewController.swift in Sources */ = {isa = PBXBuildFile; fileRef = 74ADDE6F1C6D461A0080F937 /* ViewController.swift */; };
		74ADDE731C6D461A0080F937 /* Main.storyboard in Resources */ = {isa = PBXBuildFile; fileRef = 74ADDE711C6D461A0080F937 /* Main.storyboard */; };
		74ADDE751C6D461A0080F937 /* Assets.xcassets in Resources */ = {isa = PBXBuildFile; fileRef = 74ADDE741C6D461A0080F937 /* Assets.xcassets */; };
		74ADDE781C6D461A0080F937 /* LaunchScreen.storyboard in Resources */ = {isa = PBXBuildFile; fileRef = 74ADDE761C6D461A0080F937 /* LaunchScreen.storyboard */; };
		74ADDE801C6D4CA30080F937 /* Common.swift in Sources */ = {isa = PBXBuildFile; fileRef = 74ADDE7F1C6D4CA30080F937 /* Common.swift */; };
		74ADDE821C6D52C00080F937 /* IntroductionViewController.swift in Sources */ = {isa = PBXBuildFile; fileRef = 74ADDE811C6D52C00080F937 /* IntroductionViewController.swift */; };
		74ADDE841C6E8C940080F937 /* LoginViewController.swift in Sources */ = {isa = PBXBuildFile; fileRef = 74ADDE831C6E8C940080F937 /* LoginViewController.swift */; };
		74ADDE861C6EA1C80080F937 /* WelcomeViewController.swift in Sources */ = {isa = PBXBuildFile; fileRef = 74ADDE851C6EA1C80080F937 /* WelcomeViewController.swift */; };
/* End PBXBuildFile section */

/* Begin PBXFileReference section */
		743AD6291C6EBEA7007A6CF7 /* CarouselViewController.swift */ = {isa = PBXFileReference; fileEncoding = 4; lastKnownFileType = sourcecode.swift; path = CarouselViewController.swift; sourceTree = "<group>"; };
		743AD62B1C6F069A007A6CF7 /* ConversationViewController.swift */ = {isa = PBXFileReference; fileEncoding = 4; lastKnownFileType = sourcecode.swift; path = ConversationViewController.swift; sourceTree = "<group>"; };
		743AD62D1C6F0C1A007A6CF7 /* SettingsViewController.swift */ = {isa = PBXFileReference; fileEncoding = 4; lastKnownFileType = sourcecode.swift; path = SettingsViewController.swift; sourceTree = "<group>"; };
		74ADDE6A1C6D461A0080F937 /* Carousel.app */ = {isa = PBXFileReference; explicitFileType = wrapper.application; includeInIndex = 0; path = Carousel.app; sourceTree = BUILT_PRODUCTS_DIR; };
		74ADDE6D1C6D461A0080F937 /* AppDelegate.swift */ = {isa = PBXFileReference; lastKnownFileType = sourcecode.swift; path = AppDelegate.swift; sourceTree = "<group>"; };
		74ADDE6F1C6D461A0080F937 /* ViewController.swift */ = {isa = PBXFileReference; lastKnownFileType = sourcecode.swift; path = ViewController.swift; sourceTree = "<group>"; };
		74ADDE721C6D461A0080F937 /* Base */ = {isa = PBXFileReference; lastKnownFileType = file.storyboard; name = Base; path = Base.lproj/Main.storyboard; sourceTree = "<group>"; };
		74ADDE741C6D461A0080F937 /* Assets.xcassets */ = {isa = PBXFileReference; lastKnownFileType = folder.assetcatalog; path = Assets.xcassets; sourceTree = "<group>"; };
		74ADDE771C6D461A0080F937 /* Base */ = {isa = PBXFileReference; lastKnownFileType = file.storyboard; name = Base; path = Base.lproj/LaunchScreen.storyboard; sourceTree = "<group>"; };
		74ADDE791C6D461A0080F937 /* Info.plist */ = {isa = PBXFileReference; lastKnownFileType = text.plist.xml; path = Info.plist; sourceTree = "<group>"; };
		74ADDE7F1C6D4CA30080F937 /* Common.swift */ = {isa = PBXFileReference; fileEncoding = 4; lastKnownFileType = sourcecode.swift; name = Common.swift; path = ../../../../../../../Desktop/Common.swift; sourceTree = "<group>"; };
		74ADDE811C6D52C00080F937 /* IntroductionViewController.swift */ = {isa = PBXFileReference; fileEncoding = 4; lastKnownFileType = sourcecode.swift; path = IntroductionViewController.swift; sourceTree = "<group>"; };
		74ADDE831C6E8C940080F937 /* LoginViewController.swift */ = {isa = PBXFileReference; fileEncoding = 4; lastKnownFileType = sourcecode.swift; path = LoginViewController.swift; sourceTree = "<group>"; };
		74ADDE851C6EA1C80080F937 /* WelcomeViewController.swift */ = {isa = PBXFileReference; fileEncoding = 4; lastKnownFileType = sourcecode.swift; path = WelcomeViewController.swift; sourceTree = "<group>"; };
/* End PBXFileReference section */

/* Begin PBXFrameworksBuildPhase section */
		74ADDE671C6D461A0080F937 /* Frameworks */ = {
			isa = PBXFrameworksBuildPhase;
			buildActionMask = 2147483647;
			files = (
			);
			runOnlyForDeploymentPostprocessing = 0;
		};
/* End PBXFrameworksBuildPhase section */

/* Begin PBXGroup section */
		74ADDE611C6D461A0080F937 = {
			isa = PBXGroup;
			children = (
				74ADDE6C1C6D461A0080F937 /* Carousel */,
				74ADDE6B1C6D461A0080F937 /* Products */,
			);
			sourceTree = "<group>";
		};
		74ADDE6B1C6D461A0080F937 /* Products */ = {
			isa = PBXGroup;
			children = (
				74ADDE6A1C6D461A0080F937 /* Carousel.app */,
			);
			name = Products;
			sourceTree = "<group>";
		};
		74ADDE6C1C6D461A0080F937 /* Carousel */ = {
			isa = PBXGroup;
			children = (
				74ADDE6D1C6D461A0080F937 /* AppDelegate.swift */,
				74ADDE811C6D52C00080F937 /* IntroductionViewController.swift */,
				74ADDE831C6E8C940080F937 /* LoginViewController.swift */,
				74ADDE851C6EA1C80080F937 /* WelcomeViewController.swift */,
				743AD6291C6EBEA7007A6CF7 /* CarouselViewController.swift */,
				743AD62B1C6F069A007A6CF7 /* ConversationViewController.swift */,
				743AD62D1C6F0C1A007A6CF7 /* SettingsViewController.swift */,
				74ADDE6F1C6D461A0080F937 /* ViewController.swift */,
				74ADDE7F1C6D4CA30080F937 /* Common.swift */,
				74ADDE711C6D461A0080F937 /* Main.storyboard */,
				74ADDE741C6D461A0080F937 /* Assets.xcassets */,
				74ADDE761C6D461A0080F937 /* LaunchScreen.storyboard */,
				74ADDE791C6D461A0080F937 /* Info.plist */,
			);
			path = Carousel;
			sourceTree = "<group>";
		};
/* End PBXGroup section */

/* Begin PBXNativeTarget section */
		74ADDE691C6D461A0080F937 /* Carousel */ = {
			isa = PBXNativeTarget;
			buildConfigurationList = 74ADDE7C1C6D461A0080F937 /* Build configuration list for PBXNativeTarget "Carousel" */;
			buildPhases = (
				74ADDE661C6D461A0080F937 /* Sources */,
				74ADDE671C6D461A0080F937 /* Frameworks */,
				74ADDE681C6D461A0080F937 /* Resources */,
			);
			buildRules = (
			);
			dependencies = (
			);
			name = Carousel;
			productName = Carousel;
			productReference = 74ADDE6A1C6D461A0080F937 /* Carousel.app */;
			productType = "com.apple.product-type.application";
		};
/* End PBXNativeTarget section */

/* Begin PBXProject section */
		74ADDE621C6D461A0080F937 /* Project object */ = {
			isa = PBXProject;
			attributes = {
				LastSwiftUpdateCheck = 0720;
				LastUpgradeCheck = 0720;
				ORGANIZATIONNAME = "Daniel Kim";
				TargetAttributes = {
					74ADDE691C6D461A0080F937 = {
						CreatedOnToolsVersion = 7.2.1;
						DevelopmentTeam = 8KV5D6GMFZ;
					};
				};
			};
			buildConfigurationList = 74ADDE651C6D461A0080F937 /* Build configuration list for PBXProject "Carousel" */;
			compatibilityVersion = "Xcode 3.2";
			developmentRegion = English;
			hasScannedForEncodings = 0;
			knownRegions = (
				en,
				Base,
			);
			mainGroup = 74ADDE611C6D461A0080F937;
			productRefGroup = 74ADDE6B1C6D461A0080F937 /* Products */;
			projectDirPath = "";
			projectRoot = "";
			targets = (
				74ADDE691C6D461A0080F937 /* Carousel */,
			);
		};
/* End PBXProject section */

/* Begin PBXResourcesBuildPhase section */
		74ADDE681C6D461A0080F937 /* Resources */ = {
			isa = PBXResourcesBuildPhase;
			buildActionMask = 2147483647;
			files = (
				74ADDE781C6D461A0080F937 /* LaunchScreen.storyboard in Resources */,
				74ADDE751C6D461A0080F937 /* Assets.xcassets in Resources */,
				74ADDE731C6D461A0080F937 /* Main.storyboard in Resources */,
			);
			runOnlyForDeploymentPostprocessing = 0;
		};
/* End PBXResourcesBuildPhase section */

/* Begin PBXSourcesBuildPhase section */
		74ADDE661C6D461A0080F937 /* Sources */ = {
			isa = PBXSourcesBuildPhase;
			buildActionMask = 2147483647;
			files = (
				74ADDE821C6D52C00080F937 /* IntroductionViewController.swift in Sources */,
				743AD62A1C6EBEA7007A6CF7 /* CarouselViewController.swift in Sources */,
				743AD62C1C6F069A007A6CF7 /* ConversationViewController.swift in Sources */,
				74ADDE701C6D461A0080F937 /* ViewController.swift in Sources */,
				74ADDE801C6D4CA30080F937 /* Common.swift in Sources */,
				74ADDE861C6EA1C80080F937 /* WelcomeViewController.swift in Sources */,
				74ADDE841C6E8C940080F937 /* LoginViewController.swift in Sources */,
				74ADDE6E1C6D461A0080F937 /* AppDelegate.swift in Sources */,
				743AD62E1C6F0C1A007A6CF7 /* SettingsViewController.swift in Sources */,
			);
			runOnlyForDeploymentPostprocessing = 0;
		};
/* End PBXSourcesBuildPhase section */

/* Begin PBXVariantGroup section */
		74ADDE711C6D461A0080F937 /* Main.storyboard */ = {
			isa = PBXVariantGroup;
			children = (
				74ADDE721C6D461A0080F937 /* Base */,
			);
			name = Main.storyboard;
			sourceTree = "<group>";
		};
		74ADDE761C6D461A0080F937 /* LaunchScreen.storyboard */ = {
			isa = PBXVariantGroup;
			children = (
				74ADDE771C6D461A0080F937 /* Base */,
			);
			name = LaunchScreen.storyboard;
			sourceTree = "<group>";
		};
/* End PBXVariantGroup section */

/* Begin XCBuildConfiguration section */
		74ADDE7A1C6D461A0080F937 /* Debug */ = {
			isa = XCBuildConfiguration;
			buildSettings = {
				ALWAYS_SEARCH_USER_PATHS = NO;
				CLANG_CXX_LANGUAGE_STANDARD = "gnu++0x";
				CLANG_CXX_LIBRARY = "libc++";
				CLANG_ENABLE_MODULES = YES;
				CLANG_ENABLE_OBJC_ARC = YES;
				CLANG_WARN_BOOL_CONVERSION = YES;
				CLANG_WARN_CONSTANT_CONVERSION = YES;
				CLANG_WARN_DIRECT_OBJC_ISA_USAGE = YES_ERROR;
				CLANG_WARN_EMPTY_BODY = YES;
				CLANG_WARN_ENUM_CONVERSION = YES;
				CLANG_WARN_INT_CONVERSION = YES;
				CLANG_WARN_OBJC_ROOT_CLASS = YES_ERROR;
				CLANG_WARN_UNREACHABLE_CODE = YES;
				CLANG_WARN__DUPLICATE_METHOD_MATCH = YES;
				"CODE_SIGN_IDENTITY[sdk=iphoneos*]" = "iPhone Developer";
				COPY_PHASE_STRIP = NO;
				DEBUG_INFORMATION_FORMAT = dwarf;
				ENABLE_STRICT_OBJC_MSGSEND = YES;
				ENABLE_TESTABILITY = YES;
				GCC_C_LANGUAGE_STANDARD = gnu99;
				GCC_DYNAMIC_NO_PIC = NO;
				GCC_NO_COMMON_BLOCKS = YES;
				GCC_OPTIMIZATION_LEVEL = 0;
				GCC_PREPROCESSOR_DEFINITIONS = (
					"DEBUG=1",
					"$(inherited)",
				);
				GCC_WARN_64_TO_32_BIT_CONVERSION = YES;
				GCC_WARN_ABOUT_RETURN_TYPE = YES_ERROR;
				GCC_WARN_UNDECLARED_SELECTOR = YES;
				GCC_WARN_UNINITIALIZED_AUTOS = YES_AGGRESSIVE;
				GCC_WARN_UNUSED_FUNCTION = YES;
				GCC_WARN_UNUSED_VARIABLE = YES;
				IPHONEOS_DEPLOYMENT_TARGET = 9.2;
				MTL_ENABLE_DEBUG_INFO = YES;
				ONLY_ACTIVE_ARCH = YES;
				SDKROOT = iphoneos;
				SWIFT_OPTIMIZATION_LEVEL = "-Onone";
			};
			name = Debug;
		};
		74ADDE7B1C6D461A0080F937 /* Release */ = {
			isa = XCBuildConfiguration;
			buildSettings = {
				ALWAYS_SEARCH_USER_PATHS = NO;
				CLANG_CXX_LANGUAGE_STANDARD = "gnu++0x";
				CLANG_CXX_LIBRARY = "libc++";
				CLANG_ENABLE_MODULES = YES;
				CLANG_ENABLE_OBJC_ARC = YES;
				CLANG_WARN_BOOL_CONVERSION = YES;
				CLANG_WARN_CONSTANT_CONVERSION = YES;
				CLANG_WARN_DIRECT_OBJC_ISA_USAGE = YES_ERROR;
				CLANG_WARN_EMPTY_BODY = YES;
				CLANG_WARN_ENUM_CONVERSION = YES;
				CLANG_WARN_INT_CONVERSION = YES;
				CLANG_WARN_OBJC_ROOT_CLASS = YES_ERROR;
				CLANG_WARN_UNREACHABLE_CODE = YES;
				CLANG_WARN__DUPLICATE_METHOD_MATCH = YES;
				"CODE_SIGN_IDENTITY[sdk=iphoneos*]" = "iPhone Developer";
				COPY_PHASE_STRIP = NO;
				DEBUG_INFORMATION_FORMAT = "dwarf-with-dsym";
				ENABLE_NS_ASSERTIONS = NO;
				ENABLE_STRICT_OBJC_MSGSEND = YES;
				GCC_C_LANGUAGE_STANDARD = gnu99;
				GCC_NO_COMMON_BLOCKS = YES;
				GCC_WARN_64_TO_32_BIT_CONVERSION = YES;
				GCC_WARN_ABOUT_RETURN_TYPE = YES_ERROR;
				GCC_WARN_UNDECLARED_SELECTOR = YES;
				GCC_WARN_UNINITIALIZED_AUTOS = YES_AGGRESSIVE;
				GCC_WARN_UNUSED_FUNCTION = YES;
				GCC_WARN_UNUSED_VARIABLE = YES;
				IPHONEOS_DEPLOYMENT_TARGET = 9.2;
				MTL_ENABLE_DEBUG_INFO = NO;
				SDKROOT = iphoneos;
				VALIDATE_PRODUCT = YES;
			};
			name = Release;
		};
		74ADDE7D1C6D461A0080F937 /* Debug */ = {
			isa = XCBuildConfiguration;
			buildSettings = {
				ASSETCATALOG_COMPILER_APPICON_NAME = AppIcon;
				INFOPLIST_FILE = Carousel/Info.plist;
				LD_RUNPATH_SEARCH_PATHS = "$(inherited) @executable_path/Frameworks";
				PRODUCT_BUNDLE_IDENTIFIER = com.dkim.Carousel;
				PRODUCT_NAME = "$(TARGET_NAME)";
			};
			name = Debug;
		};
		74ADDE7E1C6D461A0080F937 /* Release */ = {
			isa = XCBuildConfiguration;
			buildSettings = {
				ASSETCATALOG_COMPILER_APPICON_NAME = AppIcon;
				INFOPLIST_FILE = Carousel/Info.plist;
				LD_RUNPATH_SEARCH_PATHS = "$(inherited) @executable_path/Frameworks";
				PRODUCT_BUNDLE_IDENTIFIER = com.dkim.Carousel;
				PRODUCT_NAME = "$(TARGET_NAME)";
			};
			name = Release;
		};
/* End XCBuildConfiguration section */

/* Begin XCConfigurationList section */
		74ADDE651C6D461A0080F937 /* Build configuration list for PBXProject "Carousel" */ = {
			isa = XCConfigurationList;
			buildConfigurations = (
				74ADDE7A1C6D461A0080F937 /* Debug */,
				74ADDE7B1C6D461A0080F937 /* Release */,
			);
			defaultConfigurationIsVisible = 0;
			defaultConfigurationName = Release;
		};
		74ADDE7C1C6D461A0080F937 /* Build configuration list for PBXNativeTarget "Carousel" */ = {
			isa = XCConfigurationList;
			buildConfigurations = (
				74ADDE7D1C6D461A0080F937 /* Debug */,
				74ADDE7E1C6D461A0080F937 /* Release */,
			);
			defaultConfigurationIsVisible = 0;
			defaultConfigurationName = Release;
		};
/* End XCConfigurationList section */
	};
	rootObject = 74ADDE621C6D461A0080F937 /* Project object */;
}
